
Microsoft Visual Studio Solution File, Format Version 12.00
# Visual Studio Version 17
VisualStudioVersion = 17.7.34009.444
MinimumVisualStudioVersion = 10.0.40219.1
Project("{8BC9CEB8-8B4A-11D0-8D11-00A0C91BC942}") = "BOJ_2527", "BOJ_2527\BOJ_2527.vcxproj", "{8FEDFEDC-4CB3-4DE1-8DC3-C56E7917387D}"
EndProject
Global
	GlobalSection(SolutionConfigurationPlatforms) = preSolution
		Debug|x64 = Debug|x64
		Release|x64 = Release|x64
	EndGlobalSection
	GlobalSection(ProjectConfigurationPlatforms) = postSolution
		{8FEDFEDC-4CB3-4DE1-8DC3-C56E7917387D}.Debug|x64.ActiveCfg = Debug|x64
		{8FEDFEDC-4CB3-4DE1-8DC3-C56E7917387D}.Debug|x64.Build.0 = Debug|x64
		{8FEDFEDC-4CB3-4DE1-8DC3-C56E7917387D}.Release|x64.ActiveCfg = Release|x64
		{8FEDFEDC-4CB3-4DE1-8DC3-C56E7917387D}.Release|x64.Build.0 = Release|x64
	EndGlobalSection
	GlobalSection(SolutionProperties) = preSolution
		HideSolutionNode = FALSE
	EndGlobalSection
	GlobalSection(ExtensibilityGlobals) = postSolution
		SolutionGuid = {BA153F7B-DEF8-40E2-BD1C-DC4CBAF3894E}
	EndGlobalSection
EndGlobal
